
Microsoft Visual Studio Solution File, Format Version 12.00
# Visual Studio Version 16
VisualStudioVersion = 16.0.30709.132
MinimumVisualStudioVersion = 10.0.40219.1
Project("{FAE04EC0-301F-11D3-BF4B-00C04F79EFBC}") = "ShopSystem", "ShopSystem.csproj", "{F86ED4D6-B5C3-490A-ADA8-1BD50D6E846E}"
EndProject
Global
	GlobalSection(SolutionConfigurationPlatforms) = preSolution
		Debug|x86 = Debug|x86
		Release|x86 = Release|x86
	EndGlobalSection
	GlobalSection(ProjectConfigurationPlatforms) = postSolution
		{F86ED4D6-B5C3-490A-ADA8-1BD50D6E846E}.Debug|x86.ActiveCfg = Debug|x86
		{F86ED4D6-B5C3-490A-ADA8-1BD50D6E846E}.Debug|x86.Build.0 = Debug|x86
		{F86ED4D6-B5C3-490A-ADA8-1BD50D6E846E}.Release|x86.ActiveCfg = Release|x86
		{F86ED4D6-B5C3-490A-ADA8-1BD50D6E846E}.Release|x86.Build.0 = Release|x86
	EndGlobalSection
	GlobalSection(SolutionProperties) = preSolution
		HideSolutionNode = FALSE
	EndGlobalSection
	GlobalSection(ExtensibilityGlobals) = postSolution
		SolutionGuid = {445D4872-F74A-4FFB-965E-91CF534DD785}
	EndGlobalSection
EndGlobal
